
Microsoft Visual Studio Solution File, Format Version 12.00
# Visual Studio Version 17
VisualStudioVersion = 17.11.35312.102
MinimumVisualStudioVersion = 10.0.40219.1
Project("{FAE04EC0-301F-11D3-BF4B-00C04F79EFBC}") = "sysiport-api", "sysiport-api\sysiport-api.csproj", "{12399740-612D-4E87-9FB8-D53C0DEE0059}"
EndProject
Project("{FAE04EC0-301F-11D3-BF4B-00C04F79EFBC}") = "sysiport-data", "sysiport-data\sysiport-data.csproj", "{6D072B93-CD76-4443-BFE5-5099F1CF3ACB}"
EndProject
Global
	GlobalSection(SolutionConfigurationPlatforms) = preSolution
		Debug|Any CPU = Debug|Any CPU
		Release|Any CPU = Release|Any CPU
	EndGlobalSection
	GlobalSection(ProjectConfigurationPlatforms) = postSolution
		{12399740-612D-4E87-9FB8-D53C0DEE0059}.Debug|Any CPU.ActiveCfg = Debug|Any CPU
		{12399740-612D-4E87-9FB8-D53C0DEE0059}.Debug|Any CPU.Build.0 = Debug|Any CPU
		{12399740-612D-4E87-9FB8-D53C0DEE0059}.Release|Any CPU.ActiveCfg = Release|Any CPU
		{12399740-612D-4E87-9FB8-D53C0DEE0059}.Release|Any CPU.Build.0 = Release|Any CPU
		{6D072B93-CD76-4443-BFE5-5099F1CF3ACB}.Debug|Any CPU.ActiveCfg = Debug|Any CPU
		{6D072B93-CD76-4443-BFE5-5099F1CF3ACB}.Debug|Any CPU.Build.0 = Debug|Any CPU
		{6D072B93-CD76-4443-BFE5-5099F1CF3ACB}.Release|Any CPU.ActiveCfg = Release|Any CPU
		{6D072B93-CD76-4443-BFE5-5099F1CF3ACB}.Release|Any CPU.Build.0 = Release|Any CPU
	EndGlobalSection
	GlobalSection(SolutionProperties) = preSolution
		HideSolutionNode = FALSE
	EndGlobalSection
	GlobalSection(ExtensibilityGlobals) = postSolution
		SolutionGuid = {4FF6A4C7-6A56-4092-9D86-855634A6C5B3}
	EndGlobalSection
EndGlobal
